
Microsoft Visual Studio Solution File, Format Version 12.00
# Visual Studio Version 16
VisualStudioVersion = 16.0.30128.74
MinimumVisualStudioVersion = 10.0.40219.1
Project("{FAE04EC0-301F-11D3-BF4B-00C04F79EFBC}") = "Text Packer", "Text Packer\Text Packer.csproj", "{A356705A-8484-4E61-ACC8-E4DC089BE63E}"
EndProject
Global
	GlobalSection(SolutionConfigurationPlatforms) = preSolution
		Debug|Any CPU = Debug|Any CPU
		Release|Any CPU = Release|Any CPU
	EndGlobalSection
	GlobalSection(ProjectConfigurationPlatforms) = postSolution
		{A356705A-8484-4E61-ACC8-E4DC089BE63E}.Debug|Any CPU.ActiveCfg = Debug|Any CPU
		{A356705A-8484-4E61-ACC8-E4DC089BE63E}.Debug|Any CPU.Build.0 = Debug|Any CPU
		{A356705A-8484-4E61-ACC8-E4DC089BE63E}.Release|Any CPU.ActiveCfg = Release|Any CPU
		{A356705A-8484-4E61-ACC8-E4DC089BE63E}.Release|Any CPU.Build.0 = Release|Any CPU
	EndGlobalSection
	GlobalSection(SolutionProperties) = preSolution
		HideSolutionNode = FALSE
	EndGlobalSection
	GlobalSection(ExtensibilityGlobals) = postSolution
		SolutionGuid = {26881E1D-B57C-4CA3-BBC1-E5D4B3EBF903}
	EndGlobalSection
EndGlobal
